// !$*UTF8*$!
{
	archiveVersion = 1;
	classes = {
	};
	objectVersion = 56;
	objects = {

/* Begin PBXBuildFile section */
		C11348682BBB11AB004315C7 /* FriendsFavoriteMoviesApp.swift in Sources */ = {isa = PBXBuildFile; fileRef = C11348672BBB11AB004315C7 /* FriendsFavoriteMoviesApp.swift */; };
		C113486A2BBB11AB004315C7 /* MovieList.swift in Sources */ = {isa = PBXBuildFile; fileRef = C11348692BBB11AB004315C7 /* MovieList.swift */; };
		C113486C2BBB11AB004315C7 /* Movie.swift in Sources */ = {isa = PBXBuildFile; fileRef = C113486B2BBB11AB004315C7 /* Movie.swift */; };
		C113486E2BBB11AD004315C7 /* Assets.xcassets in Resources */ = {isa = PBXBuildFile; fileRef = C113486D2BBB11AD004315C7 /* Assets.xcassets */; };
		C11348712BBB11AD004315C7 /* Preview Assets.xcassets in Resources */ = {isa = PBXBuildFile; fileRef = C11348702BBB11AD004315C7 /* Preview Assets.xcassets */; };
		C11348782BBB1396004315C7 /* SampleData.swift in Sources */ = {isa = PBXBuildFile; fileRef = C11348772BBB1396004315C7 /* SampleData.swift */; };
		C113487E2BBB49C0004315C7 /* MovieDetail.swift in Sources */ = {isa = PBXBuildFile; fileRef = C113487D2BBB49C0004315C7 /* MovieDetail.swift */; };
		C11348802BBB6902004315C7 /* Friend.swift in Sources */ = {isa = PBXBuildFile; fileRef = C113487F2BBB6902004315C7 /* Friend.swift */; };
		C11348822BBB6A4C004315C7 /* FriendList.swift in Sources */ = {isa = PBXBuildFile; fileRef = C11348812BBB6A4C004315C7 /* FriendList.swift */; };
		C11348842BBC628A004315C7 /* FriendDetail.swift in Sources */ = {isa = PBXBuildFile; fileRef = C11348832BBC628A004315C7 /* FriendDetail.swift */; };
		C11348862BBC65A3004315C7 /* ContentView.swift in Sources */ = {isa = PBXBuildFile; fileRef = C11348852BBC65A3004315C7 /* ContentView.swift */; };
		C11348882BBC7C8A004315C7 /* FilteredMovieList.swift in Sources */ = {isa = PBXBuildFile; fileRef = C11348872BBC7C8A004315C7 /* FilteredMovieList.swift */; };
		C113488A2BBCB1E6004315C7 /* FilteredFriendList.swift in Sources */ = {isa = PBXBuildFile; fileRef = C11348892BBCB1E6004315C7 /* FilteredFriendList.swift */; };
/* End PBXBuildFile section */

/* Begin PBXFileReference section */
		C11348642BBB11AB004315C7 /* FriendsFavoriteMovies.app */ = {isa = PBXFileReference; explicitFileType = wrapper.application; includeInIndex = 0; path = FriendsFavoriteMovies.app; sourceTree = BUILT_PRODUCTS_DIR; };
		C11348672BBB11AB004315C7 /* FriendsFavoriteMoviesApp.swift */ = {isa = PBXFileReference; lastKnownFileType = sourcecode.swift; path = FriendsFavoriteMoviesApp.swift; sourceTree = "<group>"; };
		C11348692BBB11AB004315C7 /* MovieList.swift */ = {isa = PBXFileReference; lastKnownFileType = sourcecode.swift; path = MovieList.swift; sourceTree = "<group>"; };
		C113486B2BBB11AB004315C7 /* Movie.swift */ = {isa = PBXFileReference; lastKnownFileType = sourcecode.swift; path = Movie.swift; sourceTree = "<group>"; };
		C113486D2BBB11AD004315C7 /* Assets.xcassets */ = {isa = PBXFileReference; lastKnownFileType = folder.assetcatalog; path = Assets.xcassets; sourceTree = "<group>"; };
		C11348702BBB11AD004315C7 /* Preview Assets.xcassets */ = {isa = PBXFileReference; lastKnownFileType = folder.assetcatalog; path = "Preview Assets.xcassets"; sourceTree = "<group>"; };
		C11348772BBB1396004315C7 /* SampleData.swift */ = {isa = PBXFileReference; lastKnownFileType = sourcecode.swift; path = SampleData.swift; sourceTree = "<group>"; };
		C113487D2BBB49C0004315C7 /* MovieDetail.swift */ = {isa = PBXFileReference; lastKnownFileType = sourcecode.swift; path = MovieDetail.swift; sourceTree = "<group>"; };
		C113487F2BBB6902004315C7 /* Friend.swift */ = {isa = PBXFileReference; lastKnownFileType = sourcecode.swift; path = Friend.swift; sourceTree = "<group>"; };
		C11348812BBB6A4C004315C7 /* FriendList.swift */ = {isa = PBXFileReference; lastKnownFileType = sourcecode.swift; path = FriendList.swift; sourceTree = "<group>"; };
		C11348832BBC628A004315C7 /* FriendDetail.swift */ = {isa = PBXFileReference; lastKnownFileType = sourcecode.swift; path = FriendDetail.swift; sourceTree = "<group>"; };
		C11348852BBC65A3004315C7 /* ContentView.swift */ = {isa = PBXFileReference; lastKnownFileType = sourcecode.swift; path = ContentView.swift; sourceTree = "<group>"; };
		C11348872BBC7C8A004315C7 /* FilteredMovieList.swift */ = {isa = PBXFileReference; lastKnownFileType = sourcecode.swift; path = FilteredMovieList.swift; sourceTree = "<group>"; };
		C11348892BBCB1E6004315C7 /* FilteredFriendList.swift */ = {isa = PBXFileReference; lastKnownFileType = sourcecode.swift; path = FilteredFriendList.swift; sourceTree = "<group>"; };
/* End PBXFileReference section */

/* Begin PBXFrameworksBuildPhase section */
		C11348612BBB11AB004315C7 /* Frameworks */ = {
			isa = PBXFrameworksBuildPhase;
			buildActionMask = 2147483647;
			files = (
			);
			runOnlyForDeploymentPostprocessing = 0;
		};
/* End PBXFrameworksBuildPhase section */

/* Begin PBXGroup section */
		C113485B2BBB11AB004315C7 = {
			isa = PBXGroup;
			children = (
				C11348662BBB11AB004315C7 /* FriendsFavoriteMovies */,
				C11348652BBB11AB004315C7 /* Products */,
			);
			sourceTree = "<group>";
		};
		C11348652BBB11AB004315C7 /* Products */ = {
			isa = PBXGroup;
			children = (
				C11348642BBB11AB004315C7 /* FriendsFavoriteMovies.app */,
			);
			name = Products;
			sourceTree = "<group>";
		};
		C11348662BBB11AB004315C7 /* FriendsFavoriteMovies */ = {
			isa = PBXGroup;
			children = (
				C113487B2BBB4960004315C7 /* App */,
				C11348792BBB4900004315C7 /* Model */,
				C113487A2BBB494C004315C7 /* Views */,
				C113487C2BBB496A004315C7 /* Utils */,
				C11348852BBC65A3004315C7 /* ContentView.swift */,
				C113486D2BBB11AD004315C7 /* Assets.xcassets */,
				C113486F2BBB11AD004315C7 /* Preview Content */,
			);
			path = FriendsFavoriteMovies;
			sourceTree = "<group>";
		};
		C113486F2BBB11AD004315C7 /* Preview Content */ = {
			isa = PBXGroup;
			children = (
				C11348702BBB11AD004315C7 /* Preview Assets.xcassets */,
			);
			path = "Preview Content";
			sourceTree = "<group>";
		};
		C11348792BBB4900004315C7 /* Model */ = {
			isa = PBXGroup;
			children = (
				C113486B2BBB11AB004315C7 /* Movie.swift */,
				C113487F2BBB6902004315C7 /* Friend.swift */,
			);
			path = Model;
			sourceTree = "<group>";
		};
		C113487A2BBB494C004315C7 /* Views */ = {
			isa = PBXGroup;
			children = (
				C11348692BBB11AB004315C7 /* MovieList.swift */,
				C113487D2BBB49C0004315C7 /* MovieDetail.swift */,
				C11348812BBB6A4C004315C7 /* FriendList.swift */,
				C11348832BBC628A004315C7 /* FriendDetail.swift */,
				C11348872BBC7C8A004315C7 /* FilteredMovieList.swift */,
				C11348892BBCB1E6004315C7 /* FilteredFriendList.swift */,
			);
			path = Views;
			sourceTree = "<group>";
		};
		C113487B2BBB4960004315C7 /* App */ = {
			isa = PBXGroup;
			children = (
				C11348672BBB11AB004315C7 /* FriendsFavoriteMoviesApp.swift */,
			);
			path = App;
			sourceTree = "<group>";
		};
		C113487C2BBB496A004315C7 /* Utils */ = {
			isa = PBXGroup;
			children = (
				C11348772BBB1396004315C7 /* SampleData.swift */,
			);
			path = Utils;
			sourceTree = "<group>";
		};
/* End PBXGroup section */

/* Begin PBXNativeTarget section */
		C11348632BBB11AB004315C7 /* FriendsFavoriteMovies */ = {
			isa = PBXNativeTarget;
			buildConfigurationList = C11348742BBB11AD004315C7 /* Build configuration list for PBXNativeTarget "FriendsFavoriteMovies" */;
			buildPhases = (
				C11348602BBB11AB004315C7 /* Sources */,
				C11348612BBB11AB004315C7 /* Frameworks */,
				C11348622BBB11AB004315C7 /* Resources */,
			);
			buildRules = (
			);
			dependencies = (
			);
			name = FriendsFavoriteMovies;
			productName = FriendsFavoriteMovies;
			productReference = C11348642BBB11AB004315C7 /* FriendsFavoriteMovies.app */;
			productType = "com.apple.product-type.application";
		};
/* End PBXNativeTarget section */

/* Begin PBXProject section */
		C113485C2BBB11AB004315C7 /* Project object */ = {
			isa = PBXProject;
			attributes = {
				BuildIndependentTargetsInParallel = 1;
				LastSwiftUpdateCheck = 1530;
				LastUpgradeCheck = 1530;
				TargetAttributes = {
					C11348632BBB11AB004315C7 = {
						CreatedOnToolsVersion = 15.3;
					};
				};
			};
			buildConfigurationList = C113485F2BBB11AB004315C7 /* Build configuration list for PBXProject "FriendsFavoriteMovies" */;
			compatibilityVersion = "Xcode 14.0";
			developmentRegion = en;
			hasScannedForEncodings = 0;
			knownRegions = (
				en,
				Base,
			);
			mainGroup = C113485B2BBB11AB004315C7;
			productRefGroup = C11348652BBB11AB004315C7 /* Products */;
			projectDirPath = "";
			projectRoot = "";
			targets = (
				C11348632BBB11AB004315C7 /* FriendsFavoriteMovies */,
			);
		};
/* End PBXProject section */

/* Begin PBXResourcesBuildPhase section */
		C11348622BBB11AB004315C7 /* Resources */ = {
			isa = PBXResourcesBuildPhase;
			buildActionMask = 2147483647;
			files = (
				C11348712BBB11AD004315C7 /* Preview Assets.xcassets in Resources */,
				C113486E2BBB11AD004315C7 /* Assets.xcassets in Resources */,
			);
			runOnlyForDeploymentPostprocessing = 0;
		};
/* End PBXResourcesBuildPhase section */

/* Begin PBXSourcesBuildPhase section */
		C11348602BBB11AB004315C7 /* Sources */ = {
			isa = PBXSourcesBuildPhase;
			buildActionMask = 2147483647;
			files = (
				C11348842BBC628A004315C7 /* FriendDetail.swift in Sources */,
				C113486A2BBB11AB004315C7 /* MovieList.swift in Sources */,
				C113486C2BBB11AB004315C7 /* Movie.swift in Sources */,
				C113487E2BBB49C0004315C7 /* MovieDetail.swift in Sources */,
				C11348822BBB6A4C004315C7 /* FriendList.swift in Sources */,
				C11348862BBC65A3004315C7 /* ContentView.swift in Sources */,
				C11348802BBB6902004315C7 /* Friend.swift in Sources */,
				C11348882BBC7C8A004315C7 /* FilteredMovieList.swift in Sources */,
				C11348682BBB11AB004315C7 /* FriendsFavoriteMoviesApp.swift in Sources */,
				C113488A2BBCB1E6004315C7 /* FilteredFriendList.swift in Sources */,
				C11348782BBB1396004315C7 /* SampleData.swift in Sources */,
			);
			runOnlyForDeploymentPostprocessing = 0;
		};
/* End PBXSourcesBuildPhase section */

/* Begin XCBuildConfiguration section */
		C11348722BBB11AD004315C7 /* Debug */ = {
			isa = XCBuildConfiguration;
			buildSettings = {
				ALWAYS_SEARCH_USER_PATHS = NO;
				ASSETCATALOG_COMPILER_GENERATE_SWIFT_ASSET_SYMBOL_EXTENSIONS = YES;
				CLANG_ANALYZER_NONNULL = YES;
				CLANG_ANALYZER_NUMBER_OBJECT_CONVERSION = YES_AGGRESSIVE;
				CLANG_CXX_LANGUAGE_STANDARD = "gnu++20";
				CLANG_ENABLE_MODULES = YES;
				CLANG_ENABLE_OBJC_ARC = YES;
				CLANG_ENABLE_OBJC_WEAK = YES;
				CLANG_WARN_BLOCK_CAPTURE_AUTORELEASING = YES;
				CLANG_WARN_BOOL_CONVERSION = YES;
				CLANG_WARN_COMMA = YES;
				CLANG_WARN_CONSTANT_CONVERSION = YES;
				CLANG_WARN_DEPRECATED_OBJC_IMPLEMENTATIONS = YES;
				CLANG_WARN_DIRECT_OBJC_ISA_USAGE = YES_ERROR;
				CLANG_WARN_DOCUMENTATION_COMMENTS = YES;
				CLANG_WARN_EMPTY_BODY = YES;
				CLANG_WARN_ENUM_CONVERSION = YES;
				CLANG_WARN_INFINITE_RECURSION = YES;
				CLANG_WARN_INT_CONVERSION = YES;
				CLANG_WARN_NON_LITERAL_NULL_CONVERSION = YES;
				CLANG_WARN_OBJC_IMPLICIT_RETAIN_SELF = YES;
				CLANG_WARN_OBJC_LITERAL_CONVERSION = YES;
				CLANG_WARN_OBJC_ROOT_CLASS = YES_ERROR;
				CLANG_WARN_QUOTED_INCLUDE_IN_FRAMEWORK_HEADER = YES;
				CLANG_WARN_RANGE_LOOP_ANALYSIS = YES;
				CLANG_WARN_STRICT_PROTOTYPES = YES;
				CLANG_WARN_SUSPICIOUS_MOVE = YES;
				CLANG_WARN_UNGUARDED_AVAILABILITY = YES_AGGRESSIVE;
				CLANG_WARN_UNREACHABLE_CODE = YES;
				CLANG_WARN__DUPLICATE_METHOD_MATCH = YES;
				COPY_PHASE_STRIP = NO;
				DEBUG_INFORMATION_FORMAT = dwarf;
				ENABLE_STRICT_OBJC_MSGSEND = YES;
				ENABLE_TESTABILITY = YES;
				ENABLE_USER_SCRIPT_SANDBOXING = YES;
				GCC_C_LANGUAGE_STANDARD = gnu17;
				GCC_DYNAMIC_NO_PIC = NO;
				GCC_NO_COMMON_BLOCKS = YES;
				GCC_OPTIMIZATION_LEVEL = 0;
				GCC_PREPROCESSOR_DEFINITIONS = (
					"DEBUG=1",
					"$(inherited)",
				);
				GCC_WARN_64_TO_32_BIT_CONVERSION = YES;
				GCC_WARN_ABOUT_RETURN_TYPE = YES_ERROR;
				GCC_WARN_UNDECLARED_SELECTOR = YES;
				GCC_WARN_UNINITIALIZED_AUTOS = YES_AGGRESSIVE;
				GCC_WARN_UNUSED_FUNCTION = YES;
				GCC_WARN_UNUSED_VARIABLE = YES;
				IPHONEOS_DEPLOYMENT_TARGET = 17.4;
				LOCALIZATION_PREFERS_STRING_CATALOGS = YES;
				MTL_ENABLE_DEBUG_INFO = INCLUDE_SOURCE;
				MTL_FAST_MATH = YES;
				ONLY_ACTIVE_ARCH = YES;
				SDKROOT = iphoneos;
				SWIFT_ACTIVE_COMPILATION_CONDITIONS = "DEBUG $(inherited)";
				SWIFT_OPTIMIZATION_LEVEL = "-Onone";
			};
			name = Debug;
		};
		C11348732BBB11AD004315C7 /* Release */ = {
			isa = XCBuildConfiguration;
			buildSettings = {
				ALWAYS_SEARCH_USER_PATHS = NO;
				ASSETCATALOG_COMPILER_GENERATE_SWIFT_ASSET_SYMBOL_EXTENSIONS = YES;
				CLANG_ANALYZER_NONNULL = YES;
				CLANG_ANALYZER_NUMBER_OBJECT_CONVERSION = YES_AGGRESSIVE;
				CLANG_CXX_LANGUAGE_STANDARD = "gnu++20";
				CLANG_ENABLE_MODULES = YES;
				CLANG_ENABLE_OBJC_ARC = YES;
				CLANG_ENABLE_OBJC_WEAK = YES;
				CLANG_WARN_BLOCK_CAPTURE_AUTORELEASING = YES;
				CLANG_WARN_BOOL_CONVERSION = YES;
				CLANG_WARN_COMMA = YES;
				CLANG_WARN_CONSTANT_CONVERSION = YES;
				CLANG_WARN_DEPRECATED_OBJC_IMPLEMENTATIONS = YES;
				CLANG_WARN_DIRECT_OBJC_ISA_USAGE = YES_ERROR;
				CLANG_WARN_DOCUMENTATION_COMMENTS = YES;
				CLANG_WARN_EMPTY_BODY = YES;
				CLANG_WARN_ENUM_CONVERSION = YES;
				CLANG_WARN_INFINITE_RECURSION = YES;
				CLANG_WARN_INT_CONVERSION = YES;
				CLANG_WARN_NON_LITERAL_NULL_CONVERSION = YES;
				CLANG_WARN_OBJC_IMPLICIT_RETAIN_SELF = YES;
				CLANG_WARN_OBJC_LITERAL_CONVERSION = YES;
				CLANG_WARN_OBJC_ROOT_CLASS = YES_ERROR;
				CLANG_WARN_QUOTED_INCLUDE_IN_FRAMEWORK_HEADER = YES;
				CLANG_WARN_RANGE_LOOP_ANALYSIS = YES;
				CLANG_WARN_STRICT_PROTOTYPES = YES;
				CLANG_WARN_SUSPICIOUS_MOVE = YES;
				CLANG_WARN_UNGUARDED_AVAILABILITY = YES_AGGRESSIVE;
				CLANG_WARN_UNREACHABLE_CODE = YES;
				CLANG_WARN__DUPLICATE_METHOD_MATCH = YES;
				COPY_PHASE_STRIP = NO;
				DEBUG_INFORMATION_FORMAT = "dwarf-with-dsym";
				ENABLE_NS_ASSERTIONS = NO;
				ENABLE_STRICT_OBJC_MSGSEND = YES;
				ENABLE_USER_SCRIPT_SANDBOXING = YES;
				GCC_C_LANGUAGE_STANDARD = gnu17;
				GCC_NO_COMMON_BLOCKS = YES;
				GCC_WARN_64_TO_32_BIT_CONVERSION = YES;
				GCC_WARN_ABOUT_RETURN_TYPE = YES_ERROR;
				GCC_WARN_UNDECLARED_SELECTOR = YES;
				GCC_WARN_UNINITIALIZED_AUTOS = YES_AGGRESSIVE;
				GCC_WARN_UNUSED_FUNCTION = YES;
				GCC_WARN_UNUSED_VARIABLE = YES;
				IPHONEOS_DEPLOYMENT_TARGET = 17.4;
				LOCALIZATION_PREFERS_STRING_CATALOGS = YES;
				MTL_ENABLE_DEBUG_INFO = NO;
				MTL_FAST_MATH = YES;
				SDKROOT = iphoneos;
				SWIFT_COMPILATION_MODE = wholemodule;
				VALIDATE_PRODUCT = YES;
			};
			name = Release;
		};
		C11348752BBB11AD004315C7 /* Debug */ = {
			isa = XCBuildConfiguration;
			buildSettings = {
				ASSETCATALOG_COMPILER_APPICON_NAME = AppIcon;
				ASSETCATALOG_COMPILER_GLOBAL_ACCENT_COLOR_NAME = AccentColor;
				CODE_SIGN_STYLE = Automatic;
				CURRENT_PROJECT_VERSION = 1;
				DEVELOPMENT_ASSET_PATHS = "\"FriendsFavoriteMovies/Preview Content\"";
				DEVELOPMENT_TEAM = 2GG6WSV6PN;
				ENABLE_PREVIEWS = YES;
				GENERATE_INFOPLIST_FILE = YES;
				INFOPLIST_KEY_UIApplicationSceneManifest_Generation = YES;
				INFOPLIST_KEY_UIApplicationSupportsIndirectInputEvents = YES;
				INFOPLIST_KEY_UILaunchScreen_Generation = YES;
				INFOPLIST_KEY_UISupportedInterfaceOrientations_iPad = "UIInterfaceOrientationPortrait UIInterfaceOrientationPortraitUpsideDown UIInterfaceOrientationLandscapeLeft UIInterfaceOrientationLandscapeRight";
				INFOPLIST_KEY_UISupportedInterfaceOrientations_iPhone = "UIInterfaceOrientationPortrait UIInterfaceOrientationLandscapeLeft UIInterfaceOrientationLandscapeRight";
				LD_RUNPATH_SEARCH_PATHS = (
					"$(inherited)",
					"@executable_path/Frameworks",
				);
				MARKETING_VERSION = 1.0;
				PRODUCT_BUNDLE_IDENTIFIER = com.aboutmohit.FriendsFavoriteMovies;
				PRODUCT_NAME = "$(TARGET_NAME)";
				SWIFT_EMIT_LOC_STRINGS = YES;
				SWIFT_VERSION = 5.0;
				TARGETED_DEVICE_FAMILY = "1,2";
			};
			name = Debug;
		};
		C11348762BBB11AD004315C7 /* Release */ = {
			isa = XCBuildConfiguration;
			buildSettings = {
				ASSETCATALOG_COMPILER_APPICON_NAME = AppIcon;
				ASSETCATALOG_COMPILER_GLOBAL_ACCENT_COLOR_NAME = AccentColor;
				CODE_SIGN_STYLE = Automatic;
				CURRENT_PROJECT_VERSION = 1;
				DEVELOPMENT_ASSET_PATHS = "\"FriendsFavoriteMovies/Preview Content\"";
				DEVELOPMENT_TEAM = 2GG6WSV6PN;
				ENABLE_PREVIEWS = YES;
				GENERATE_INFOPLIST_FILE = YES;
				INFOPLIST_KEY_UIApplicationSceneManifest_Generation = YES;
				INFOPLIST_KEY_UIApplicationSupportsIndirectInputEvents = YES;
				INFOPLIST_KEY_UILaunchScreen_Generation = YES;
				INFOPLIST_KEY_UISupportedInterfaceOrientations_iPad = "UIInterfaceOrientationPortrait UIInterfaceOrientationPortraitUpsideDown UIInterfaceOrientationLandscapeLeft UIInterfaceOrientationLandscapeRight";
				INFOPLIST_KEY_UISupportedInterfaceOrientations_iPhone = "UIInterfaceOrientationPortrait UIInterfaceOrientationLandscapeLeft UIInterfaceOrientationLandscapeRight";
				LD_RUNPATH_SEARCH_PATHS = (
					"$(inherited)",
					"@executable_path/Frameworks",
				);
				MARKETING_VERSION = 1.0;
				PRODUCT_BUNDLE_IDENTIFIER = com.aboutmohit.FriendsFavoriteMovies;
				PRODUCT_NAME = "$(TARGET_NAME)";
				SWIFT_EMIT_LOC_STRINGS = YES;
				SWIFT_VERSION = 5.0;
				TARGETED_DEVICE_FAMILY = "1,2";
			};
			name = Release;
		};
/* End XCBuildConfiguration section */

/* Begin XCConfigurationList section */
		C113485F2BBB11AB004315C7 /* Build configuration list for PBXProject "FriendsFavoriteMovies" */ = {
			isa = XCConfigurationList;
			buildConfigurations = (
				C11348722BBB11AD004315C7 /* Debug */,
				C11348732BBB11AD004315C7 /* Release */,
			);
			defaultConfigurationIsVisible = 0;
			defaultConfigurationName = Release;
		};
		C11348742BBB11AD004315C7 /* Build configuration list for PBXNativeTarget "FriendsFavoriteMovies" */ = {
			isa = XCConfigurationList;
			buildConfigurations = (
				C11348752BBB11AD004315C7 /* Debug */,
				C11348762BBB11AD004315C7 /* Release */,
			);
			defaultConfigurationIsVisible = 0;
			defaultConfigurationName = Release;
		};
/* End XCConfigurationList section */
	};
	rootObject = C113485C2BBB11AB004315C7 /* Project object */;
}
